
Microsoft Visual Studio Solution File, Format Version 12.00
# Visual Studio Version 17
VisualStudioVersion = 17.10.35013.160
MinimumVisualStudioVersion = 10.0.40219.1
Project("{2150E333-8FDC-42A3-9474-1A3956D46DE8}") = "Services", "Services", "{D895FF26-31E0-4A72-BB45-EF5DE6C55F3B}"
EndProject
Project("{2150E333-8FDC-42A3-9474-1A3956D46DE8}") = "Catalog", "Catalog", "{3DD725ED-7088-4888-AF8C-552CA3076F71}"
EndProject
Project("{9A19103F-16F7-4668-BE54-9A1E7A4F7556}") = "Catalog.API", "Services\Catalog\Catalog.API\Catalog.API.csproj", "{48D78A08-80D8-40D9-852F-1300F913DC74}"
EndProject
Project("{2150E333-8FDC-42A3-9474-1A3956D46DE8}") = "BuildingBlocks", "BuildingBlocks", "{07C36788-9FAE-4227-8DD0-5AA2ED7EB8DC}"
EndProject
Project("{9A19103F-16F7-4668-BE54-9A1E7A4F7556}") = "BuildingBlocks", "BuildingBlocks\BuildingBlocks\BuildingBlocks.csproj", "{7CC87344-D84C-4E7A-B6E5-F897EA3D1261}"
EndProject
Project("{E53339B2-1760-4266-BCC7-CA923CBCF16C}") = "docker-compose", "docker-compose.dcproj", "{B2FEADDB-75EF-47E1-AF24-0A1BA2233AA7}"
EndProject
Project("{2150E333-8FDC-42A3-9474-1A3956D46DE8}") = "Basket", "Basket", "{EC6062A6-4E52-48A4-BE17-131B6600DF6A}"
EndProject
Project("{9A19103F-16F7-4668-BE54-9A1E7A4F7556}") = "Basket.API", "Services\Basket\Basket.API\Basket.API.csproj", "{D1D2FB49-1777-442F-AC74-A63E81654D6A}"
EndProject
Project("{2150E333-8FDC-42A3-9474-1A3956D46DE8}") = "Discount", "Discount", "{4990B305-52EF-45D8-863B-21D94F439FD0}"
EndProject
Project("{FAE04EC0-301F-11D3-BF4B-00C04F79EFBC}") = "Discount.Grpc", "Services\Discount\Discount.Grpc\Discount.Grpc.csproj", "{C0691EFF-D455-4CB5-9F5C-EB5D53B1C3F7}"
EndProject
Global
	GlobalSection(SolutionConfigurationPlatforms) = preSolution
		Debug|Any CPU = Debug|Any CPU
		Release|Any CPU = Release|Any CPU
	EndGlobalSection
	GlobalSection(ProjectConfigurationPlatforms) = postSolution
		{48D78A08-80D8-40D9-852F-1300F913DC74}.Debug|Any CPU.ActiveCfg = Debug|Any CPU
		{48D78A08-80D8-40D9-852F-1300F913DC74}.Debug|Any CPU.Build.0 = Debug|Any CPU
		{48D78A08-80D8-40D9-852F-1300F913DC74}.Release|Any CPU.ActiveCfg = Release|Any CPU
		{48D78A08-80D8-40D9-852F-1300F913DC74}.Release|Any CPU.Build.0 = Release|Any CPU
		{7CC87344-D84C-4E7A-B6E5-F897EA3D1261}.Debug|Any CPU.ActiveCfg = Debug|Any CPU
		{7CC87344-D84C-4E7A-B6E5-F897EA3D1261}.Debug|Any CPU.Build.0 = Debug|Any CPU
		{7CC87344-D84C-4E7A-B6E5-F897EA3D1261}.Release|Any CPU.ActiveCfg = Release|Any CPU
		{7CC87344-D84C-4E7A-B6E5-F897EA3D1261}.Release|Any CPU.Build.0 = Release|Any CPU
		{B2FEADDB-75EF-47E1-AF24-0A1BA2233AA7}.Debug|Any CPU.ActiveCfg = Debug|Any CPU
		{B2FEADDB-75EF-47E1-AF24-0A1BA2233AA7}.Debug|Any CPU.Build.0 = Debug|Any CPU
		{B2FEADDB-75EF-47E1-AF24-0A1BA2233AA7}.Release|Any CPU.ActiveCfg = Release|Any CPU
		{B2FEADDB-75EF-47E1-AF24-0A1BA2233AA7}.Release|Any CPU.Build.0 = Release|Any CPU
		{D1D2FB49-1777-442F-AC74-A63E81654D6A}.Debug|Any CPU.ActiveCfg = Debug|Any CPU
		{D1D2FB49-1777-442F-AC74-A63E81654D6A}.Debug|Any CPU.Build.0 = Debug|Any CPU
		{D1D2FB49-1777-442F-AC74-A63E81654D6A}.Release|Any CPU.ActiveCfg = Release|Any CPU
		{D1D2FB49-1777-442F-AC74-A63E81654D6A}.Release|Any CPU.Build.0 = Release|Any CPU
		{C0691EFF-D455-4CB5-9F5C-EB5D53B1C3F7}.Debug|Any CPU.ActiveCfg = Debug|Any CPU
		{C0691EFF-D455-4CB5-9F5C-EB5D53B1C3F7}.Debug|Any CPU.Build.0 = Debug|Any CPU
		{C0691EFF-D455-4CB5-9F5C-EB5D53B1C3F7}.Release|Any CPU.ActiveCfg = Release|Any CPU
		{C0691EFF-D455-4CB5-9F5C-EB5D53B1C3F7}.Release|Any CPU.Build.0 = Release|Any CPU
	EndGlobalSection
	GlobalSection(SolutionProperties) = preSolution
		HideSolutionNode = FALSE
	EndGlobalSection
	GlobalSection(NestedProjects) = preSolution
		{3DD725ED-7088-4888-AF8C-552CA3076F71} = {D895FF26-31E0-4A72-BB45-EF5DE6C55F3B}
		{48D78A08-80D8-40D9-852F-1300F913DC74} = {3DD725ED-7088-4888-AF8C-552CA3076F71}
		{7CC87344-D84C-4E7A-B6E5-F897EA3D1261} = {07C36788-9FAE-4227-8DD0-5AA2ED7EB8DC}
		{EC6062A6-4E52-48A4-BE17-131B6600DF6A} = {D895FF26-31E0-4A72-BB45-EF5DE6C55F3B}
		{D1D2FB49-1777-442F-AC74-A63E81654D6A} = {EC6062A6-4E52-48A4-BE17-131B6600DF6A}
		{4990B305-52EF-45D8-863B-21D94F439FD0} = {D895FF26-31E0-4A72-BB45-EF5DE6C55F3B}
		{C0691EFF-D455-4CB5-9F5C-EB5D53B1C3F7} = {4990B305-52EF-45D8-863B-21D94F439FD0}
	EndGlobalSection
	GlobalSection(ExtensibilityGlobals) = postSolution
		SolutionGuid = {B11CB4B7-BDB8-46B4-9597-8CA2FD3597BA}
	EndGlobalSection
EndGlobal
